
Microsoft Visual Studio Solution File, Format Version 12.00
# Visual Studio Version 17
VisualStudioVersion = 17.4.33122.133
MinimumVisualStudioVersion = 10.0.40219.1
Project("{FAE04EC0-301F-11D3-BF4B-00C04F79EFBC}") = "MinimalJwt", "MinimalJwt\MinimalJwt.csproj", "{63EBBB4C-BD94-4585-AF21-0F20962AA086}"
EndProject
Global
	GlobalSection(SolutionConfigurationPlatforms) = preSolution
		Debug|Any CPU = Debug|Any CPU
		Release|Any CPU = Release|Any CPU
	EndGlobalSection
	GlobalSection(ProjectConfigurationPlatforms) = postSolution
		{63EBBB4C-BD94-4585-AF21-0F20962AA086}.Debug|Any CPU.ActiveCfg = Debug|Any CPU
		{63EBBB4C-BD94-4585-AF21-0F20962AA086}.Debug|Any CPU.Build.0 = Debug|Any CPU
		{63EBBB4C-BD94-4585-AF21-0F20962AA086}.Release|Any CPU.ActiveCfg = Release|Any CPU
		{63EBBB4C-BD94-4585-AF21-0F20962AA086}.Release|Any CPU.Build.0 = Release|Any CPU
	EndGlobalSection
	GlobalSection(SolutionProperties) = preSolution
		HideSolutionNode = FALSE
	EndGlobalSection
	GlobalSection(ExtensibilityGlobals) = postSolution
		SolutionGuid = {906CBF40-7918-4C10-A046-7C3DFA7839F6}
	EndGlobalSection
EndGlobal
